
Microsoft Visual Studio Solution File, Format Version 12.00
# Visual Studio Version 16
VisualStudioVersion = 16.0.29123.88
MinimumVisualStudioVersion = 10.0.40219.1
Project("{FAE04EC0-301F-11D3-BF4B-00C04F79EFBC}") = "RedesSociais.Android", "RedesSociais.Android\RedesSociais.Android.csproj", "{7227148F-F392-4D9F-8286-B86EDA07D3C2}"
EndProject
Project("{FAE04EC0-301F-11D3-BF4B-00C04F79EFBC}") = "RedesSociais.iOS", "RedesSociais.iOS\RedesSociais.iOS.csproj", "{EFD38C42-B25A-4EA4-93E2-8F0D256FADD9}"
EndProject
Project("{FAE04EC0-301F-11D3-BF4B-00C04F79EFBC}") = "RedesSociais", "RedesSociais\RedesSociais.csproj", "{8FAAF3A8-6A94-4524-8CAC-19F1F8E58446}"
EndProject
Global
	GlobalSection(SolutionConfigurationPlatforms) = preSolution
		Debug|Any CPU = Debug|Any CPU
		Debug|iPhone = Debug|iPhone
		Debug|iPhoneSimulator = Debug|iPhoneSimulator
		Release|Any CPU = Release|Any CPU
		Release|iPhone = Release|iPhone
		Release|iPhoneSimulator = Release|iPhoneSimulator
	EndGlobalSection
	GlobalSection(ProjectConfigurationPlatforms) = postSolution
		{7227148F-F392-4D9F-8286-B86EDA07D3C2}.Debug|Any CPU.ActiveCfg = Debug|Any CPU
		{7227148F-F392-4D9F-8286-B86EDA07D3C2}.Debug|Any CPU.Build.0 = Debug|Any CPU
		{7227148F-F392-4D9F-8286-B86EDA07D3C2}.Debug|Any CPU.Deploy.0 = Debug|Any CPU
		{7227148F-F392-4D9F-8286-B86EDA07D3C2}.Debug|iPhone.ActiveCfg = Debug|Any CPU
		{7227148F-F392-4D9F-8286-B86EDA07D3C2}.Debug|iPhone.Build.0 = Debug|Any CPU
		{7227148F-F392-4D9F-8286-B86EDA07D3C2}.Debug|iPhone.Deploy.0 = Debug|Any CPU
		{7227148F-F392-4D9F-8286-B86EDA07D3C2}.Debug|iPhoneSimulator.ActiveCfg = Debug|Any CPU
		{7227148F-F392-4D9F-8286-B86EDA07D3C2}.Debug|iPhoneSimulator.Build.0 = Debug|Any CPU
		{7227148F-F392-4D9F-8286-B86EDA07D3C2}.Debug|iPhoneSimulator.Deploy.0 = Debug|Any CPU
		{7227148F-F392-4D9F-8286-B86EDA07D3C2}.Release|Any CPU.ActiveCfg = Release|Any CPU
		{7227148F-F392-4D9F-8286-B86EDA07D3C2}.Release|Any CPU.Build.0 = Release|Any CPU
		{7227148F-F392-4D9F-8286-B86EDA07D3C2}.Release|Any CPU.Deploy.0 = Release|Any CPU
		{7227148F-F392-4D9F-8286-B86EDA07D3C2}.Release|iPhone.ActiveCfg = Release|Any CPU
		{7227148F-F392-4D9F-8286-B86EDA07D3C2}.Release|iPhone.Build.0 = Release|Any CPU
		{7227148F-F392-4D9F-8286-B86EDA07D3C2}.Release|iPhone.Deploy.0 = Release|Any CPU
		{7227148F-F392-4D9F-8286-B86EDA07D3C2}.Release|iPhoneSimulator.ActiveCfg = Release|Any CPU
		{7227148F-F392-4D9F-8286-B86EDA07D3C2}.Release|iPhoneSimulator.Build.0 = Release|Any CPU
		{7227148F-F392-4D9F-8286-B86EDA07D3C2}.Release|iPhoneSimulator.Deploy.0 = Release|Any CPU
		{EFD38C42-B25A-4EA4-93E2-8F0D256FADD9}.Debug|Any CPU.ActiveCfg = Debug|iPhoneSimulator
		{EFD38C42-B25A-4EA4-93E2-8F0D256FADD9}.Debug|Any CPU.Build.0 = Debug|iPhoneSimulator
		{EFD38C42-B25A-4EA4-93E2-8F0D256FADD9}.Debug|Any CPU.Deploy.0 = Debug|iPhoneSimulator
		{EFD38C42-B25A-4EA4-93E2-8F0D256FADD9}.Debug|iPhone.ActiveCfg = Debug|iPhone
		{EFD38C42-B25A-4EA4-93E2-8F0D256FADD9}.Debug|iPhone.Build.0 = Debug|iPhone
		{EFD38C42-B25A-4EA4-93E2-8F0D256FADD9}.Debug|iPhone.Deploy.0 = Debug|iPhone
		{EFD38C42-B25A-4EA4-93E2-8F0D256FADD9}.Debug|iPhoneSimulator.ActiveCfg = Debug|iPhoneSimulator
		{EFD38C42-B25A-4EA4-93E2-8F0D256FADD9}.Debug|iPhoneSimulator.Build.0 = Debug|iPhoneSimulator
		{EFD38C42-B25A-4EA4-93E2-8F0D256FADD9}.Debug|iPhoneSimulator.Deploy.0 = Debug|iPhoneSimulator
		{EFD38C42-B25A-4EA4-93E2-8F0D256FADD9}.Release|Any CPU.ActiveCfg = Release|iPhone
		{EFD38C42-B25A-4EA4-93E2-8F0D256FADD9}.Release|Any CPU.Build.0 = Release|iPhone
		{EFD38C42-B25A-4EA4-93E2-8F0D256FADD9}.Release|Any CPU.Deploy.0 = Release|iPhone
		{EFD38C42-B25A-4EA4-93E2-8F0D256FADD9}.Release|iPhone.ActiveCfg = Release|iPhone
		{EFD38C42-B25A-4EA4-93E2-8F0D256FADD9}.Release|iPhone.Build.0 = Release|iPhone
		{EFD38C42-B25A-4EA4-93E2-8F0D256FADD9}.Release|iPhone.Deploy.0 = Release|iPhone
		{EFD38C42-B25A-4EA4-93E2-8F0D256FADD9}.Release|iPhoneSimulator.ActiveCfg = Release|iPhoneSimulator
		{EFD38C42-B25A-4EA4-93E2-8F0D256FADD9}.Release|iPhoneSimulator.Build.0 = Release|iPhoneSimulator
		{EFD38C42-B25A-4EA4-93E2-8F0D256FADD9}.Release|iPhoneSimulator.Deploy.0 = Release|iPhoneSimulator
		{8FAAF3A8-6A94-4524-8CAC-19F1F8E58446}.Debug|Any CPU.ActiveCfg = Debug|Any CPU
		{8FAAF3A8-6A94-4524-8CAC-19F1F8E58446}.Debug|Any CPU.Build.0 = Debug|Any CPU
		{8FAAF3A8-6A94-4524-8CAC-19F1F8E58446}.Debug|Any CPU.Deploy.0 = Debug|Any CPU
		{8FAAF3A8-6A94-4524-8CAC-19F1F8E58446}.Debug|iPhone.ActiveCfg = Debug|Any CPU
		{8FAAF3A8-6A94-4524-8CAC-19F1F8E58446}.Debug|iPhone.Build.0 = Debug|Any CPU
		{8FAAF3A8-6A94-4524-8CAC-19F1F8E58446}.Debug|iPhone.Deploy.0 = Debug|Any CPU
		{8FAAF3A8-6A94-4524-8CAC-19F1F8E58446}.Debug|iPhoneSimulator.ActiveCfg = Debug|Any CPU
		{8FAAF3A8-6A94-4524-8CAC-19F1F8E58446}.Debug|iPhoneSimulator.Build.0 = Debug|Any CPU
		{8FAAF3A8-6A94-4524-8CAC-19F1F8E58446}.Debug|iPhoneSimulator.Deploy.0 = Debug|Any CPU
		{8FAAF3A8-6A94-4524-8CAC-19F1F8E58446}.Release|Any CPU.ActiveCfg = Release|Any CPU
		{8FAAF3A8-6A94-4524-8CAC-19F1F8E58446}.Release|Any CPU.Build.0 = Release|Any CPU
		{8FAAF3A8-6A94-4524-8CAC-19F1F8E58446}.Release|Any CPU.Deploy.0 = Release|Any CPU
		{8FAAF3A8-6A94-4524-8CAC-19F1F8E58446}.Release|iPhone.ActiveCfg = Release|Any CPU
		{8FAAF3A8-6A94-4524-8CAC-19F1F8E58446}.Release|iPhone.Build.0 = Release|Any CPU
		{8FAAF3A8-6A94-4524-8CAC-19F1F8E58446}.Release|iPhone.Deploy.0 = Release|Any CPU
		{8FAAF3A8-6A94-4524-8CAC-19F1F8E58446}.Release|iPhoneSimulator.ActiveCfg = Release|Any CPU
		{8FAAF3A8-6A94-4524-8CAC-19F1F8E58446}.Release|iPhoneSimulator.Build.0 = Release|Any CPU
		{8FAAF3A8-6A94-4524-8CAC-19F1F8E58446}.Release|iPhoneSimulator.Deploy.0 = Release|Any CPU
	EndGlobalSection
	GlobalSection(SolutionProperties) = preSolution
		HideSolutionNode = FALSE
	EndGlobalSection
	GlobalSection(ExtensibilityGlobals) = postSolution
		SolutionGuid = {E2024F45-1666-40D5-865B-4F08EE1511C7}
	EndGlobalSection
EndGlobal
